
Microsoft Visual Studio Solution File, Format Version 12.00
# Visual Studio Version 17
VisualStudioVersion = 17.8.34330.188
MinimumVisualStudioVersion = 10.0.40219.1
Project("{9A19103F-16F7-4668-BE54-9A1E7A4F7556}") = "RecipeHelperApp", "RecipeHelperApp\RecipeHelperApp.csproj", "{6DBBCC70-4556-489B-BBA2-97C868AFA8A7}"
EndProject
Global
	GlobalSection(SolutionConfigurationPlatforms) = preSolution
		Debug|Any CPU = Debug|Any CPU
		Release|Any CPU = Release|Any CPU
	EndGlobalSection
	GlobalSection(ProjectConfigurationPlatforms) = postSolution
		{6DBBCC70-4556-489B-BBA2-97C868AFA8A7}.Debug|Any CPU.ActiveCfg = Debug|Any CPU
		{6DBBCC70-4556-489B-BBA2-97C868AFA8A7}.Debug|Any CPU.Build.0 = Debug|Any CPU
		{6DBBCC70-4556-489B-BBA2-97C868AFA8A7}.Release|Any CPU.ActiveCfg = Release|Any CPU
		{6DBBCC70-4556-489B-BBA2-97C868AFA8A7}.Release|Any CPU.Build.0 = Release|Any CPU
	EndGlobalSection
	GlobalSection(SolutionProperties) = preSolution
		HideSolutionNode = FALSE
	EndGlobalSection
	GlobalSection(ExtensibilityGlobals) = postSolution
		SolutionGuid = {5604DE68-5117-45F0-BEC7-0036EC6D188F}
	EndGlobalSection
EndGlobal
